
Microsoft Visual Studio Solution File, Format Version 12.00
# Visual Studio Version 17
VisualStudioVersion = 17.0.31903.59
MinimumVisualStudioVersion = 10.0.40219.1
Project("{2150E333-8FDC-42A3-9474-1A3956D46DE8}") = "src", "src", "{119E9CAB-4052-4E9C-BB0C-2ECA909838FF}"
EndProject
Project("{2150E333-8FDC-42A3-9474-1A3956D46DE8}") = "Bootstrapper", "Bootstrapper", "{FD35E512-F3E0-4F26-A11C-E6F89D765517}"
EndProject
Project("{FAE04EC0-301F-11D3-BF4B-00C04F79EFBC}") = "Api", "src\Bootstrapper\Api\Api.csproj", "{3282C7D3-C8CA-42C8-9715-A590EAF956A4}"
EndProject
Project("{2150E333-8FDC-42A3-9474-1A3956D46DE8}") = "Modules", "Modules", "{1EA152F0-3FF1-4E46-AD71-8E636FEA5AE7}"
EndProject
Project("{FAE04EC0-301F-11D3-BF4B-00C04F79EFBC}") = "Ordering", "src\Modules\Ordering\Ordering.csproj", "{274E40E9-C372-45FF-9B34-0E4439238395}"
EndProject
Project("{FAE04EC0-301F-11D3-BF4B-00C04F79EFBC}") = "Basket", "src\Modules\Basket\Basket.csproj", "{C89BACD6-A7E9-40F2-8366-580270280A65}"
EndProject
Project("{FAE04EC0-301F-11D3-BF4B-00C04F79EFBC}") = "Catalog", "src\Modules\Catalog\Catalog.csproj", "{388C3DFB-1E3A-488A-9A1C-110D68BB2BED}"
EndProject
Project("{FAE04EC0-301F-11D3-BF4B-00C04F79EFBC}") = "Shared", "src\Shared\Shared.csproj", "{5BC6E3A8-E80A-45E5-B74E-1B4D163FA6D2}"
EndProject
Global
	GlobalSection(SolutionConfigurationPlatforms) = preSolution
		Debug|Any CPU = Debug|Any CPU
		Release|Any CPU = Release|Any CPU
	EndGlobalSection
	GlobalSection(SolutionProperties) = preSolution
		HideSolutionNode = FALSE
	EndGlobalSection
	GlobalSection(ProjectConfigurationPlatforms) = postSolution
		{3282C7D3-C8CA-42C8-9715-A590EAF956A4}.Debug|Any CPU.ActiveCfg = Debug|Any CPU
		{3282C7D3-C8CA-42C8-9715-A590EAF956A4}.Debug|Any CPU.Build.0 = Debug|Any CPU
		{3282C7D3-C8CA-42C8-9715-A590EAF956A4}.Release|Any CPU.ActiveCfg = Release|Any CPU
		{3282C7D3-C8CA-42C8-9715-A590EAF956A4}.Release|Any CPU.Build.0 = Release|Any CPU
		{274E40E9-C372-45FF-9B34-0E4439238395}.Debug|Any CPU.ActiveCfg = Debug|Any CPU
		{274E40E9-C372-45FF-9B34-0E4439238395}.Debug|Any CPU.Build.0 = Debug|Any CPU
		{274E40E9-C372-45FF-9B34-0E4439238395}.Release|Any CPU.ActiveCfg = Release|Any CPU
		{274E40E9-C372-45FF-9B34-0E4439238395}.Release|Any CPU.Build.0 = Release|Any CPU
		{C89BACD6-A7E9-40F2-8366-580270280A65}.Debug|Any CPU.ActiveCfg = Debug|Any CPU
		{C89BACD6-A7E9-40F2-8366-580270280A65}.Debug|Any CPU.Build.0 = Debug|Any CPU
		{C89BACD6-A7E9-40F2-8366-580270280A65}.Release|Any CPU.ActiveCfg = Release|Any CPU
		{C89BACD6-A7E9-40F2-8366-580270280A65}.Release|Any CPU.Build.0 = Release|Any CPU
		{388C3DFB-1E3A-488A-9A1C-110D68BB2BED}.Debug|Any CPU.ActiveCfg = Debug|Any CPU
		{388C3DFB-1E3A-488A-9A1C-110D68BB2BED}.Debug|Any CPU.Build.0 = Debug|Any CPU
		{388C3DFB-1E3A-488A-9A1C-110D68BB2BED}.Release|Any CPU.ActiveCfg = Release|Any CPU
		{388C3DFB-1E3A-488A-9A1C-110D68BB2BED}.Release|Any CPU.Build.0 = Release|Any CPU
		{5BC6E3A8-E80A-45E5-B74E-1B4D163FA6D2}.Debug|Any CPU.ActiveCfg = Debug|Any CPU
		{5BC6E3A8-E80A-45E5-B74E-1B4D163FA6D2}.Debug|Any CPU.Build.0 = Debug|Any CPU
		{5BC6E3A8-E80A-45E5-B74E-1B4D163FA6D2}.Release|Any CPU.ActiveCfg = Release|Any CPU
		{5BC6E3A8-E80A-45E5-B74E-1B4D163FA6D2}.Release|Any CPU.Build.0 = Release|Any CPU
	EndGlobalSection
	GlobalSection(NestedProjects) = preSolution
		{FD35E512-F3E0-4F26-A11C-E6F89D765517} = {119E9CAB-4052-4E9C-BB0C-2ECA909838FF}
		{3282C7D3-C8CA-42C8-9715-A590EAF956A4} = {FD35E512-F3E0-4F26-A11C-E6F89D765517}
		{1EA152F0-3FF1-4E46-AD71-8E636FEA5AE7} = {119E9CAB-4052-4E9C-BB0C-2ECA909838FF}
		{274E40E9-C372-45FF-9B34-0E4439238395} = {1EA152F0-3FF1-4E46-AD71-8E636FEA5AE7}
		{C89BACD6-A7E9-40F2-8366-580270280A65} = {1EA152F0-3FF1-4E46-AD71-8E636FEA5AE7}
		{388C3DFB-1E3A-488A-9A1C-110D68BB2BED} = {1EA152F0-3FF1-4E46-AD71-8E636FEA5AE7}
		{5BC6E3A8-E80A-45E5-B74E-1B4D163FA6D2} = {119E9CAB-4052-4E9C-BB0C-2ECA909838FF}
	EndGlobalSection
EndGlobal
